
Microsoft Visual Studio Solution File, Format Version 12.00
# Visual Studio Version 17
VisualStudioVersion = 17.6.33815.320
MinimumVisualStudioVersion = 10.0.40219.1
Project("{FAE04EC0-301F-11D3-BF4B-00C04F79EFBC}") = "F1 Championship", "F1 Championship.csproj", "{037A2138-6AD3-4D9B-B85C-A56B64E0ACD7}"
EndProject
Global
	GlobalSection(SolutionConfigurationPlatforms) = preSolution
		Debug|Any CPU = Debug|Any CPU
		Release|Any CPU = Release|Any CPU
	EndGlobalSection
	GlobalSection(ProjectConfigurationPlatforms) = postSolution
		{037A2138-6AD3-4D9B-B85C-A56B64E0ACD7}.Debug|Any CPU.ActiveCfg = Debug|Any CPU
		{037A2138-6AD3-4D9B-B85C-A56B64E0ACD7}.Debug|Any CPU.Build.0 = Debug|Any CPU
		{037A2138-6AD3-4D9B-B85C-A56B64E0ACD7}.Release|Any CPU.ActiveCfg = Release|Any CPU
		{037A2138-6AD3-4D9B-B85C-A56B64E0ACD7}.Release|Any CPU.Build.0 = Release|Any CPU
	EndGlobalSection
	GlobalSection(SolutionProperties) = preSolution
		HideSolutionNode = FALSE
	EndGlobalSection
	GlobalSection(ExtensibilityGlobals) = postSolution
		SolutionGuid = {0346E425-295D-4666-8571-87411592AF20}
	EndGlobalSection
EndGlobal
